
Microsoft Visual Studio Solution File, Format Version 12.00
# Visual Studio Version 17
VisualStudioVersion = 17.11.35312.102
MinimumVisualStudioVersion = 10.0.40219.1
Project("{9A19103F-16F7-4668-BE54-9A1E7A4F7556}") = "CommunicationKatas", "CommunicationKatas.csproj", "{AE7B828C-7D04-4587-A929-E22CE806A53B}"
EndProject
Project("{9A19103F-16F7-4668-BE54-9A1E7A4F7556}") = "CommunicationKatasTest", "..\CommunicationKatasTest\CommunicationKatasTest.csproj", "{12B09E34-5053-436F-93BB-E8CADE792B44}"
EndProject
Global
	GlobalSection(SolutionConfigurationPlatforms) = preSolution
		Debug|Any CPU = Debug|Any CPU
		Release|Any CPU = Release|Any CPU
	EndGlobalSection
	GlobalSection(ProjectConfigurationPlatforms) = postSolution
		{AE7B828C-7D04-4587-A929-E22CE806A53B}.Debug|Any CPU.ActiveCfg = Debug|Any CPU
		{AE7B828C-7D04-4587-A929-E22CE806A53B}.Debug|Any CPU.Build.0 = Debug|Any CPU
		{AE7B828C-7D04-4587-A929-E22CE806A53B}.Release|Any CPU.ActiveCfg = Release|Any CPU
		{AE7B828C-7D04-4587-A929-E22CE806A53B}.Release|Any CPU.Build.0 = Release|Any CPU
		{12B09E34-5053-436F-93BB-E8CADE792B44}.Debug|Any CPU.ActiveCfg = Debug|Any CPU
		{12B09E34-5053-436F-93BB-E8CADE792B44}.Debug|Any CPU.Build.0 = Debug|Any CPU
		{12B09E34-5053-436F-93BB-E8CADE792B44}.Release|Any CPU.ActiveCfg = Release|Any CPU
		{12B09E34-5053-436F-93BB-E8CADE792B44}.Release|Any CPU.Build.0 = Release|Any CPU
	EndGlobalSection
	GlobalSection(SolutionProperties) = preSolution
		HideSolutionNode = FALSE
	EndGlobalSection
	GlobalSection(ExtensibilityGlobals) = postSolution
		SolutionGuid = {565EBED9-0E08-482D-AC19-DCF1C1AFACD6}
	EndGlobalSection
EndGlobal
